
Microsoft Visual Studio Solution File, Format Version 12.00
# Visual Studio Version 17
VisualStudioVersion = 17.0.31521.260
MinimumVisualStudioVersion = 10.0.40219.1
Project("{D954291E-2A0B-460D-934E-DC6B0785DB48}") = "CovidCert.Shared", "CovidCert\CovidCert.Shared\CovidCert.Shared.shproj", "{6279C845-92F8-4333-AB99-3D213163593C}"
EndProject
Project("{2150E333-8FDC-42A3-9474-1A3956D46DE8}") = "Platforms", "Platforms", "{74CA8745-AA56-4606-88A8-AEE7CF95B730}"
EndProject
Project("{FAE04EC0-301F-11D3-BF4B-00C04F79EFBC}") = "CovidCert.Mobile", "CovidCert\CovidCert.Mobile\CovidCert.Mobile.csproj", "{99D5B017-1577-43EB-BC52-DE577B79D73F}"
EndProject
Project("{FAE04EC0-301F-11D3-BF4B-00C04F79EFBC}") = "CovidCert.UWP", "CovidCert\CovidCert.UWP\CovidCert.UWP.csproj", "{BD5B59D0-23C6-4960-A83C-AE3EC2F88F3D}"
EndProject
Project("{FAE04EC0-301F-11D3-BF4B-00C04F79EFBC}") = "CovidCert.Wasm", "CovidCert\CovidCert.Wasm\CovidCert.Wasm.csproj", "{CA49AC70-B847-4EC4-8333-244B1149B988}"
EndProject
Project("{FAE04EC0-301F-11D3-BF4B-00C04F79EFBC}") = "CovidCert.Skia.Wpf.Host", "CovidCert\CovidCert.Skia.Wpf.Host\CovidCert.Skia.Wpf.Host.csproj", "{5572A54C-E2B4-48AE-8C0D-4CB2278D6107}"
EndProject
Project("{FAE04EC0-301F-11D3-BF4B-00C04F79EFBC}") = "CovidCert.Skia.Wpf", "CovidCert\CovidCert.Skia.Wpf\CovidCert.Skia.Wpf.csproj", "{9A58DC78-13E2-4C03-BEA4-8DB4AE0E307D}"
EndProject
Project("{FAE04EC0-301F-11D3-BF4B-00C04F79EFBC}") = "CovidCert.Skia.Gtk", "CovidCert\CovidCert.Skia.Gtk\CovidCert.Skia.Gtk.csproj", "{83C1E70B-CBCA-4930-9A4C-C7A34A910854}"
EndProject
Global
	GlobalSection(SharedMSBuildProjectFiles) = preSolution
		CovidCert\CovidCert.Shared\CovidCert.Shared.projitems*{6279c845-92f8-4333-ab99-3d213163593c}*SharedItemsImports = 13
		CovidCert\CovidCert.Shared\CovidCert.Shared.projitems*{83c1e70b-cbca-4930-9a4c-c7a34a910854}*SharedItemsImports = 5
		CovidCert\CovidCert.Shared\CovidCert.Shared.projitems*{99d5b017-1577-43eb-bc52-de577b79d73f}*SharedItemsImports = 5
		CovidCert\CovidCert.Shared\CovidCert.Shared.projitems*{9a58dc78-13e2-4c03-bea4-8db4ae0e307d}*SharedItemsImports = 5
		CovidCert\CovidCert.Shared\CovidCert.Shared.projitems*{bd5b59d0-23c6-4960-a83c-ae3ec2f88f3d}*SharedItemsImports = 4
		CovidCert\CovidCert.Shared\CovidCert.Shared.projitems*{ca49ac70-b847-4ec4-8333-244b1149b988}*SharedItemsImports = 5
	EndGlobalSection
	GlobalSection(SolutionConfigurationPlatforms) = preSolution
		Debug|Any CPU = Debug|Any CPU
		Debug|ARM = Debug|ARM
		Debug|ARM64 = Debug|ARM64
		Debug|x64 = Debug|x64
		Debug|x86 = Debug|x86
		Release|Any CPU = Release|Any CPU
		Release|ARM = Release|ARM
		Release|ARM64 = Release|ARM64
		Release|x64 = Release|x64
		Release|x86 = Release|x86
	EndGlobalSection
	GlobalSection(ProjectConfigurationPlatforms) = postSolution
		{99D5B017-1577-43EB-BC52-DE577B79D73F}.Debug|Any CPU.ActiveCfg = Debug|Any CPU
		{99D5B017-1577-43EB-BC52-DE577B79D73F}.Debug|Any CPU.Build.0 = Debug|Any CPU
		{99D5B017-1577-43EB-BC52-DE577B79D73F}.Debug|Any CPU.Deploy.0 = Debug|Any CPU
		{99D5B017-1577-43EB-BC52-DE577B79D73F}.Debug|ARM.ActiveCfg = Debug|Any CPU
		{99D5B017-1577-43EB-BC52-DE577B79D73F}.Debug|ARM.Build.0 = Debug|Any CPU
		{99D5B017-1577-43EB-BC52-DE577B79D73F}.Debug|ARM.Deploy.0 = Debug|Any CPU
		{99D5B017-1577-43EB-BC52-DE577B79D73F}.Debug|ARM64.ActiveCfg = Debug|Any CPU
		{99D5B017-1577-43EB-BC52-DE577B79D73F}.Debug|ARM64.Build.0 = Debug|Any CPU
		{99D5B017-1577-43EB-BC52-DE577B79D73F}.Debug|ARM64.Deploy.0 = Debug|Any CPU
		{99D5B017-1577-43EB-BC52-DE577B79D73F}.Debug|x64.ActiveCfg = Debug|Any CPU
		{99D5B017-1577-43EB-BC52-DE577B79D73F}.Debug|x64.Build.0 = Debug|Any CPU
		{99D5B017-1577-43EB-BC52-DE577B79D73F}.Debug|x64.Deploy.0 = Debug|Any CPU
		{99D5B017-1577-43EB-BC52-DE577B79D73F}.Debug|x86.ActiveCfg = Debug|Any CPU
		{99D5B017-1577-43EB-BC52-DE577B79D73F}.Debug|x86.Build.0 = Debug|Any CPU
		{99D5B017-1577-43EB-BC52-DE577B79D73F}.Debug|x86.Deploy.0 = Debug|Any CPU
		{99D5B017-1577-43EB-BC52-DE577B79D73F}.Release|Any CPU.ActiveCfg = Release|Any CPU
		{99D5B017-1577-43EB-BC52-DE577B79D73F}.Release|Any CPU.Build.0 = Release|Any CPU
		{99D5B017-1577-43EB-BC52-DE577B79D73F}.Release|Any CPU.Deploy.0 = Release|Any CPU
		{99D5B017-1577-43EB-BC52-DE577B79D73F}.Release|ARM.ActiveCfg = Release|Any CPU
		{99D5B017-1577-43EB-BC52-DE577B79D73F}.Release|ARM.Build.0 = Release|Any CPU
		{99D5B017-1577-43EB-BC52-DE577B79D73F}.Release|ARM.Deploy.0 = Release|Any CPU
		{99D5B017-1577-43EB-BC52-DE577B79D73F}.Release|ARM64.ActiveCfg = Release|Any CPU
		{99D5B017-1577-43EB-BC52-DE577B79D73F}.Release|ARM64.Build.0 = Release|Any CPU
		{99D5B017-1577-43EB-BC52-DE577B79D73F}.Release|ARM64.Deploy.0 = Release|Any CPU
		{99D5B017-1577-43EB-BC52-DE577B79D73F}.Release|x64.ActiveCfg = Release|Any CPU
		{99D5B017-1577-43EB-BC52-DE577B79D73F}.Release|x64.Build.0 = Release|Any CPU
		{99D5B017-1577-43EB-BC52-DE577B79D73F}.Release|x64.Deploy.0 = Release|Any CPU
		{99D5B017-1577-43EB-BC52-DE577B79D73F}.Release|x86.ActiveCfg = Release|Any CPU
		{99D5B017-1577-43EB-BC52-DE577B79D73F}.Release|x86.Build.0 = Release|Any CPU
		{99D5B017-1577-43EB-BC52-DE577B79D73F}.Release|x86.Deploy.0 = Release|Any CPU
		{BD5B59D0-23C6-4960-A83C-AE3EC2F88F3D}.Debug|Any CPU.ActiveCfg = Debug|x86
		{BD5B59D0-23C6-4960-A83C-AE3EC2F88F3D}.Debug|Any CPU.Build.0 = Debug|x86
		{BD5B59D0-23C6-4960-A83C-AE3EC2F88F3D}.Debug|Any CPU.Deploy.0 = Debug|x86
		{BD5B59D0-23C6-4960-A83C-AE3EC2F88F3D}.Debug|ARM.ActiveCfg = Debug|ARM
		{BD5B59D0-23C6-4960-A83C-AE3EC2F88F3D}.Debug|ARM.Build.0 = Debug|ARM
		{BD5B59D0-23C6-4960-A83C-AE3EC2F88F3D}.Debug|ARM.Deploy.0 = Debug|ARM
		{BD5B59D0-23C6-4960-A83C-AE3EC2F88F3D}.Debug|ARM64.ActiveCfg = Debug|ARM64
		{BD5B59D0-23C6-4960-A83C-AE3EC2F88F3D}.Debug|ARM64.Build.0 = Debug|ARM64
		{BD5B59D0-23C6-4960-A83C-AE3EC2F88F3D}.Debug|ARM64.Deploy.0 = Debug|ARM64
		{BD5B59D0-23C6-4960-A83C-AE3EC2F88F3D}.Debug|x64.ActiveCfg = Debug|x64
		{BD5B59D0-23C6-4960-A83C-AE3EC2F88F3D}.Debug|x64.Build.0 = Debug|x64
		{BD5B59D0-23C6-4960-A83C-AE3EC2F88F3D}.Debug|x64.Deploy.0 = Debug|x64
		{BD5B59D0-23C6-4960-A83C-AE3EC2F88F3D}.Debug|x86.ActiveCfg = Debug|x86
		{BD5B59D0-23C6-4960-A83C-AE3EC2F88F3D}.Debug|x86.Build.0 = Debug|x86
		{BD5B59D0-23C6-4960-A83C-AE3EC2F88F3D}.Debug|x86.Deploy.0 = Debug|x86
		{BD5B59D0-23C6-4960-A83C-AE3EC2F88F3D}.Release|Any CPU.ActiveCfg = Release|x86
		{BD5B59D0-23C6-4960-A83C-AE3EC2F88F3D}.Release|ARM.ActiveCfg = Release|ARM
		{BD5B59D0-23C6-4960-A83C-AE3EC2F88F3D}.Release|ARM.Build.0 = Release|ARM
		{BD5B59D0-23C6-4960-A83C-AE3EC2F88F3D}.Release|ARM.Deploy.0 = Release|ARM
		{BD5B59D0-23C6-4960-A83C-AE3EC2F88F3D}.Release|ARM64.ActiveCfg = Release|ARM64
		{BD5B59D0-23C6-4960-A83C-AE3EC2F88F3D}.Release|ARM64.Build.0 = Release|ARM64
		{BD5B59D0-23C6-4960-A83C-AE3EC2F88F3D}.Release|ARM64.Deploy.0 = Release|ARM64
		{BD5B59D0-23C6-4960-A83C-AE3EC2F88F3D}.Release|x64.ActiveCfg = Release|x64
		{BD5B59D0-23C6-4960-A83C-AE3EC2F88F3D}.Release|x64.Build.0 = Release|x64
		{BD5B59D0-23C6-4960-A83C-AE3EC2F88F3D}.Release|x64.Deploy.0 = Release|x64
		{BD5B59D0-23C6-4960-A83C-AE3EC2F88F3D}.Release|x86.ActiveCfg = Release|x86
		{BD5B59D0-23C6-4960-A83C-AE3EC2F88F3D}.Release|x86.Build.0 = Release|x86
		{BD5B59D0-23C6-4960-A83C-AE3EC2F88F3D}.Release|x86.Deploy.0 = Release|x86
		{CA49AC70-B847-4EC4-8333-244B1149B988}.Debug|Any CPU.ActiveCfg = Debug|Any CPU
		{CA49AC70-B847-4EC4-8333-244B1149B988}.Debug|Any CPU.Build.0 = Debug|Any CPU
		{CA49AC70-B847-4EC4-8333-244B1149B988}.Debug|ARM.ActiveCfg = Debug|Any CPU
		{CA49AC70-B847-4EC4-8333-244B1149B988}.Debug|ARM.Build.0 = Debug|Any CPU
		{CA49AC70-B847-4EC4-8333-244B1149B988}.Debug|ARM64.ActiveCfg = Debug|Any CPU
		{CA49AC70-B847-4EC4-8333-244B1149B988}.Debug|ARM64.Build.0 = Debug|Any CPU
		{CA49AC70-B847-4EC4-8333-244B1149B988}.Debug|x64.ActiveCfg = Debug|Any CPU
		{CA49AC70-B847-4EC4-8333-244B1149B988}.Debug|x64.Build.0 = Debug|Any CPU
		{CA49AC70-B847-4EC4-8333-244B1149B988}.Debug|x86.ActiveCfg = Debug|Any CPU
		{CA49AC70-B847-4EC4-8333-244B1149B988}.Debug|x86.Build.0 = Debug|Any CPU
		{CA49AC70-B847-4EC4-8333-244B1149B988}.Release|Any CPU.ActiveCfg = Release|Any CPU
		{CA49AC70-B847-4EC4-8333-244B1149B988}.Release|Any CPU.Build.0 = Release|Any CPU
		{CA49AC70-B847-4EC4-8333-244B1149B988}.Release|ARM.ActiveCfg = Release|Any CPU
		{CA49AC70-B847-4EC4-8333-244B1149B988}.Release|ARM.Build.0 = Release|Any CPU
		{CA49AC70-B847-4EC4-8333-244B1149B988}.Release|ARM64.ActiveCfg = Release|Any CPU
		{CA49AC70-B847-4EC4-8333-244B1149B988}.Release|ARM64.Build.0 = Release|Any CPU
		{CA49AC70-B847-4EC4-8333-244B1149B988}.Release|x64.ActiveCfg = Release|Any CPU
		{CA49AC70-B847-4EC4-8333-244B1149B988}.Release|x64.Build.0 = Release|Any CPU
		{CA49AC70-B847-4EC4-8333-244B1149B988}.Release|x86.ActiveCfg = Release|Any CPU
		{CA49AC70-B847-4EC4-8333-244B1149B988}.Release|x86.Build.0 = Release|Any CPU
		{5572A54C-E2B4-48AE-8C0D-4CB2278D6107}.Debug|Any CPU.ActiveCfg = Debug|Any CPU
		{5572A54C-E2B4-48AE-8C0D-4CB2278D6107}.Debug|Any CPU.Build.0 = Debug|Any CPU
		{5572A54C-E2B4-48AE-8C0D-4CB2278D6107}.Debug|ARM.ActiveCfg = Debug|Any CPU
		{5572A54C-E2B4-48AE-8C0D-4CB2278D6107}.Debug|ARM.Build.0 = Debug|Any CPU
		{5572A54C-E2B4-48AE-8C0D-4CB2278D6107}.Debug|ARM64.ActiveCfg = Debug|Any CPU
		{5572A54C-E2B4-48AE-8C0D-4CB2278D6107}.Debug|ARM64.Build.0 = Debug|Any CPU
		{5572A54C-E2B4-48AE-8C0D-4CB2278D6107}.Debug|x64.ActiveCfg = Debug|Any CPU
		{5572A54C-E2B4-48AE-8C0D-4CB2278D6107}.Debug|x64.Build.0 = Debug|Any CPU
		{5572A54C-E2B4-48AE-8C0D-4CB2278D6107}.Debug|x86.ActiveCfg = Debug|Any CPU
		{5572A54C-E2B4-48AE-8C0D-4CB2278D6107}.Debug|x86.Build.0 = Debug|Any CPU
		{5572A54C-E2B4-48AE-8C0D-4CB2278D6107}.Release|Any CPU.ActiveCfg = Release|Any CPU
		{5572A54C-E2B4-48AE-8C0D-4CB2278D6107}.Release|Any CPU.Build.0 = Release|Any CPU
		{5572A54C-E2B4-48AE-8C0D-4CB2278D6107}.Release|ARM.ActiveCfg = Release|Any CPU
		{5572A54C-E2B4-48AE-8C0D-4CB2278D6107}.Release|ARM.Build.0 = Release|Any CPU
		{5572A54C-E2B4-48AE-8C0D-4CB2278D6107}.Release|ARM64.ActiveCfg = Release|Any CPU
		{5572A54C-E2B4-48AE-8C0D-4CB2278D6107}.Release|ARM64.Build.0 = Release|Any CPU
		{5572A54C-E2B4-48AE-8C0D-4CB2278D6107}.Release|x64.ActiveCfg = Release|Any CPU
		{5572A54C-E2B4-48AE-8C0D-4CB2278D6107}.Release|x64.Build.0 = Release|Any CPU
		{5572A54C-E2B4-48AE-8C0D-4CB2278D6107}.Release|x86.ActiveCfg = Release|Any CPU
		{5572A54C-E2B4-48AE-8C0D-4CB2278D6107}.Release|x86.Build.0 = Release|Any CPU
		{9A58DC78-13E2-4C03-BEA4-8DB4AE0E307D}.Debug|Any CPU.ActiveCfg = Debug|Any CPU
		{9A58DC78-13E2-4C03-BEA4-8DB4AE0E307D}.Debug|Any CPU.Build.0 = Debug|Any CPU
		{9A58DC78-13E2-4C03-BEA4-8DB4AE0E307D}.Debug|ARM.ActiveCfg = Debug|Any CPU
		{9A58DC78-13E2-4C03-BEA4-8DB4AE0E307D}.Debug|ARM.Build.0 = Debug|Any CPU
		{9A58DC78-13E2-4C03-BEA4-8DB4AE0E307D}.Debug|ARM64.ActiveCfg = Debug|Any CPU
		{9A58DC78-13E2-4C03-BEA4-8DB4AE0E307D}.Debug|ARM64.Build.0 = Debug|Any CPU
		{9A58DC78-13E2-4C03-BEA4-8DB4AE0E307D}.Debug|x64.ActiveCfg = Debug|Any CPU
		{9A58DC78-13E2-4C03-BEA4-8DB4AE0E307D}.Debug|x64.Build.0 = Debug|Any CPU
		{9A58DC78-13E2-4C03-BEA4-8DB4AE0E307D}.Debug|x86.ActiveCfg = Debug|Any CPU
		{9A58DC78-13E2-4C03-BEA4-8DB4AE0E307D}.Debug|x86.Build.0 = Debug|Any CPU
		{9A58DC78-13E2-4C03-BEA4-8DB4AE0E307D}.Release|Any CPU.ActiveCfg = Release|Any CPU
		{9A58DC78-13E2-4C03-BEA4-8DB4AE0E307D}.Release|Any CPU.Build.0 = Release|Any CPU
		{9A58DC78-13E2-4C03-BEA4-8DB4AE0E307D}.Release|ARM.ActiveCfg = Release|Any CPU
		{9A58DC78-13E2-4C03-BEA4-8DB4AE0E307D}.Release|ARM.Build.0 = Release|Any CPU
		{9A58DC78-13E2-4C03-BEA4-8DB4AE0E307D}.Release|ARM64.ActiveCfg = Release|Any CPU
		{9A58DC78-13E2-4C03-BEA4-8DB4AE0E307D}.Release|ARM64.Build.0 = Release|Any CPU
		{9A58DC78-13E2-4C03-BEA4-8DB4AE0E307D}.Release|x64.ActiveCfg = Release|Any CPU
		{9A58DC78-13E2-4C03-BEA4-8DB4AE0E307D}.Release|x64.Build.0 = Release|Any CPU
		{9A58DC78-13E2-4C03-BEA4-8DB4AE0E307D}.Release|x86.ActiveCfg = Release|Any CPU
		{9A58DC78-13E2-4C03-BEA4-8DB4AE0E307D}.Release|x86.Build.0 = Release|Any CPU
		{83C1E70B-CBCA-4930-9A4C-C7A34A910854}.Debug|Any CPU.ActiveCfg = Debug|Any CPU
		{83C1E70B-CBCA-4930-9A4C-C7A34A910854}.Debug|Any CPU.Build.0 = Debug|Any CPU
		{83C1E70B-CBCA-4930-9A4C-C7A34A910854}.Debug|ARM.ActiveCfg = Debug|Any CPU
		{83C1E70B-CBCA-4930-9A4C-C7A34A910854}.Debug|ARM.Build.0 = Debug|Any CPU
		{83C1E70B-CBCA-4930-9A4C-C7A34A910854}.Debug|ARM64.ActiveCfg = Debug|Any CPU
		{83C1E70B-CBCA-4930-9A4C-C7A34A910854}.Debug|ARM64.Build.0 = Debug|Any CPU
		{83C1E70B-CBCA-4930-9A4C-C7A34A910854}.Debug|x64.ActiveCfg = Debug|Any CPU
		{83C1E70B-CBCA-4930-9A4C-C7A34A910854}.Debug|x64.Build.0 = Debug|Any CPU
		{83C1E70B-CBCA-4930-9A4C-C7A34A910854}.Debug|x86.ActiveCfg = Debug|Any CPU
		{83C1E70B-CBCA-4930-9A4C-C7A34A910854}.Debug|x86.Build.0 = Debug|Any CPU
		{83C1E70B-CBCA-4930-9A4C-C7A34A910854}.Release|Any CPU.ActiveCfg = Release|Any CPU
		{83C1E70B-CBCA-4930-9A4C-C7A34A910854}.Release|Any CPU.Build.0 = Release|Any CPU
		{83C1E70B-CBCA-4930-9A4C-C7A34A910854}.Release|ARM.ActiveCfg = Release|Any CPU
		{83C1E70B-CBCA-4930-9A4C-C7A34A910854}.Release|ARM.Build.0 = Release|Any CPU
		{83C1E70B-CBCA-4930-9A4C-C7A34A910854}.Release|ARM64.ActiveCfg = Release|Any CPU
		{83C1E70B-CBCA-4930-9A4C-C7A34A910854}.Release|ARM64.Build.0 = Release|Any CPU
		{83C1E70B-CBCA-4930-9A4C-C7A34A910854}.Release|x64.ActiveCfg = Release|Any CPU
		{83C1E70B-CBCA-4930-9A4C-C7A34A910854}.Release|x64.Build.0 = Release|Any CPU
		{83C1E70B-CBCA-4930-9A4C-C7A34A910854}.Release|x86.ActiveCfg = Release|Any CPU
		{83C1E70B-CBCA-4930-9A4C-C7A34A910854}.Release|x86.Build.0 = Release|Any CPU
	EndGlobalSection
	GlobalSection(SolutionProperties) = preSolution
		HideSolutionNode = FALSE
	EndGlobalSection
	GlobalSection(NestedProjects) = preSolution
		{99D5B017-1577-43EB-BC52-DE577B79D73F} = {74CA8745-AA56-4606-88A8-AEE7CF95B730}
		{BD5B59D0-23C6-4960-A83C-AE3EC2F88F3D} = {74CA8745-AA56-4606-88A8-AEE7CF95B730}
		{CA49AC70-B847-4EC4-8333-244B1149B988} = {74CA8745-AA56-4606-88A8-AEE7CF95B730}
		{5572A54C-E2B4-48AE-8C0D-4CB2278D6107} = {74CA8745-AA56-4606-88A8-AEE7CF95B730}
		{9A58DC78-13E2-4C03-BEA4-8DB4AE0E307D} = {74CA8745-AA56-4606-88A8-AEE7CF95B730}
		{83C1E70B-CBCA-4930-9A4C-C7A34A910854} = {74CA8745-AA56-4606-88A8-AEE7CF95B730}
	EndGlobalSection
	GlobalSection(ExtensibilityGlobals) = postSolution
		SolutionGuid = {81C6FCA3-E843-4501-8EC2-D7DF9D0CBFF8}
	EndGlobalSection
EndGlobal
